
Microsoft Visual Studio Solution File, Format Version 12.00
# Visual Studio Version 17
VisualStudioVersion = 17.1.32210.238
MinimumVisualStudioVersion = 10.0.40219.1
Project("{FAE04EC0-301F-11D3-BF4B-00C04F79EFBC}") = "HomeWork1", "HomeWork1.csproj", "{71D3F22A-9053-4457-A1A7-B9241A42FD75}"
EndProject
Global
	GlobalSection(SolutionConfigurationPlatforms) = preSolution
		Debug|Any CPU = Debug|Any CPU
		Release|Any CPU = Release|Any CPU
	EndGlobalSection
	GlobalSection(ProjectConfigurationPlatforms) = postSolution
		{71D3F22A-9053-4457-A1A7-B9241A42FD75}.Debug|Any CPU.ActiveCfg = Debug|Any CPU
		{71D3F22A-9053-4457-A1A7-B9241A42FD75}.Debug|Any CPU.Build.0 = Debug|Any CPU
		{71D3F22A-9053-4457-A1A7-B9241A42FD75}.Release|Any CPU.ActiveCfg = Release|Any CPU
		{71D3F22A-9053-4457-A1A7-B9241A42FD75}.Release|Any CPU.Build.0 = Release|Any CPU
	EndGlobalSection
	GlobalSection(SolutionProperties) = preSolution
		HideSolutionNode = FALSE
	EndGlobalSection
	GlobalSection(ExtensibilityGlobals) = postSolution
		SolutionGuid = {8D5DAA1F-617B-40F7-A77E-E66FCC148B8A}
	EndGlobalSection
EndGlobal
